
Microsoft Visual Studio Solution File, Format Version 12.00
# Visual Studio 14
VisualStudioVersion = 14.0.23107.0
MinimumVisualStudioVersion = 10.0.40219.1
Project("{FAE04EC0-301F-11D3-BF4B-00C04F79EFBC}") = "TFSHelperLibrary", "TFSHelperLibrary\TFSHelperLibrary.csproj", "{A8D12A4A-C5E6-4F2B-9C15-F26615BB505F}"
EndProject
Project("{FAE04EC0-301F-11D3-BF4B-00C04F79EFBC}") = "ConsoleTester", "ConsoleTester\ConsoleTester.csproj", "{715EE505-89BD-4F18-8F56-97725F676AAA}"
	ProjectSection(ProjectDependencies) = postProject
		{A8D12A4A-C5E6-4F2B-9C15-F26615BB505F} = {A8D12A4A-C5E6-4F2B-9C15-F26615BB505F}
		{CF34A7B0-8B9C-4FE9-92DE-00E1BA51893D} = {CF34A7B0-8B9C-4FE9-92DE-00E1BA51893D}
	EndProjectSection
EndProject
Project("{FAE04EC0-301F-11D3-BF4B-00C04F79EFBC}") = "TFSBuildDefinitionHelper", "TFSBuildDefinitionHelper\TFSBuildDefinitionHelper.csproj", "{CF34A7B0-8B9C-4FE9-92DE-00E1BA51893D}"
EndProject
Project("{2150E333-8FDC-42A3-9474-1A3956D46DE8}") = "Tests", "Tests", "{10FCAA16-B02B-4A52-B046-F75DD1333C53}"
EndProject
Global
	GlobalSection(SolutionConfigurationPlatforms) = preSolution
		Debug|Any CPU = Debug|Any CPU
		Release|Any CPU = Release|Any CPU
	EndGlobalSection
	GlobalSection(ProjectConfigurationPlatforms) = postSolution
		{A8D12A4A-C5E6-4F2B-9C15-F26615BB505F}.Debug|Any CPU.ActiveCfg = Debug|Any CPU
		{A8D12A4A-C5E6-4F2B-9C15-F26615BB505F}.Debug|Any CPU.Build.0 = Debug|Any CPU
		{A8D12A4A-C5E6-4F2B-9C15-F26615BB505F}.Release|Any CPU.ActiveCfg = Release|Any CPU
		{A8D12A4A-C5E6-4F2B-9C15-F26615BB505F}.Release|Any CPU.Build.0 = Release|Any CPU
		{715EE505-89BD-4F18-8F56-97725F676AAA}.Debug|Any CPU.ActiveCfg = Debug|Any CPU
		{715EE505-89BD-4F18-8F56-97725F676AAA}.Debug|Any CPU.Build.0 = Debug|Any CPU
		{715EE505-89BD-4F18-8F56-97725F676AAA}.Release|Any CPU.ActiveCfg = Release|Any CPU
		{715EE505-89BD-4F18-8F56-97725F676AAA}.Release|Any CPU.Build.0 = Release|Any CPU
		{CF34A7B0-8B9C-4FE9-92DE-00E1BA51893D}.Debug|Any CPU.ActiveCfg = Debug|Any CPU
		{CF34A7B0-8B9C-4FE9-92DE-00E1BA51893D}.Debug|Any CPU.Build.0 = Debug|Any CPU
		{CF34A7B0-8B9C-4FE9-92DE-00E1BA51893D}.Release|Any CPU.ActiveCfg = Release|Any CPU
		{CF34A7B0-8B9C-4FE9-92DE-00E1BA51893D}.Release|Any CPU.Build.0 = Release|Any CPU
	EndGlobalSection
	GlobalSection(SolutionProperties) = preSolution
		HideSolutionNode = FALSE
	EndGlobalSection
	GlobalSection(NestedProjects) = preSolution
		{715EE505-89BD-4F18-8F56-97725F676AAA} = {10FCAA16-B02B-4A52-B046-F75DD1333C53}
	EndGlobalSection
EndGlobal
